// !$*UTF8*$!
{
	archiveVersion = 1;
	classes = {
	};
	objectVersion = 46;
	objects = {

/* Begin PBXBuildFile section */
		5E7100C41CAB76E100E1C341 /* Sample.slip in Resources */ = {isa = PBXBuildFile; fileRef = 5E3DF2B91C8D49F4007A6F94 /* Sample.slip */; };
		5E9212651C9293F600291735 /* main.swift in Sources */ = {isa = PBXBuildFile; fileRef = 5E9212641C9293F600291735 /* main.swift */; };
		5E92126B1C92989600291735 /* SliP.swift in Sources */ = {isa = PBXBuildFile; fileRef = 5E9212691C92987400291735 /* SliP.swift */; };
		5E92126D1C929AB300291735 /* JMP.swift in Sources */ = {isa = PBXBuildFile; fileRef = 5E3DF2B61C8D1EE9007A6F94 /* JMP.swift */; };
		5EF00C191CAB752500F17138 /* Assets.xcassets in Resources */ = {isa = PBXBuildFile; fileRef = 5EF00C181CAB752500F17138 /* Assets.xcassets */; };
		5EF00C1C1CAB752500F17138 /* Main.storyboard in Resources */ = {isa = PBXBuildFile; fileRef = 5EF00C1A1CAB752500F17138 /* Main.storyboard */; };
		5EF00C221CAB753C00F17138 /* GUI.swift in Sources */ = {isa = PBXBuildFile; fileRef = 5EF00C211CAB753C00F17138 /* GUI.swift */; };
		5EF00C231CAB754C00F17138 /* JMP.swift in Sources */ = {isa = PBXBuildFile; fileRef = 5E3DF2B61C8D1EE9007A6F94 /* JMP.swift */; };
		5EF00C241CAB754C00F17138 /* SliP.swift in Sources */ = {isa = PBXBuildFile; fileRef = 5E9212691C92987400291735 /* SliP.swift */; };
/* End PBXBuildFile section */

/* Begin PBXCopyFilesBuildPhase section */
		5E9212601C9293F600291735 /* CopyFiles */ = {
			isa = PBXCopyFilesBuildPhase;
			buildActionMask = 2147483647;
			dstPath = /usr/share/man/man1/;
			dstSubfolderSpec = 0;
			files = (
			);
			runOnlyForDeploymentPostprocessing = 1;
		};
/* End PBXCopyFilesBuildPhase section */

/* Begin PBXFileReference section */
		5E1E2C111C87C5E100928E65 /* main.go */ = {isa = PBXFileReference; lastKnownFileType = text; name = main.go; path = Sample/main.go; sourceTree = "<group>"; };
		5E1E2C141C894E7200928E65 /* Test.slip */ = {isa = PBXFileReference; fileEncoding = 4; lastKnownFileType = text; path = Test.slip; sourceTree = "<group>"; };
		5E3DF2B61C8D1EE9007A6F94 /* JMP.swift */ = {isa = PBXFileReference; fileEncoding = 4; lastKnownFileType = sourcecode.swift; name = JMP.swift; path = ../../JMP/Swift/JMP.swift; sourceTree = "<group>"; };
		5E3DF2B91C8D49F4007A6F94 /* Sample.slip */ = {isa = PBXFileReference; lastKnownFileType = text; path = Sample.slip; sourceTree = "<group>"; };
		5E7100C51CAB799000E1C341 /* SliP.entitlements */ = {isa = PBXFileReference; lastKnownFileType = text.xml; path = SliP.entitlements; sourceTree = "<group>"; };
		5E9212621C9293F600291735 /* CUI */ = {isa = PBXFileReference; explicitFileType = "compiled.mach-o.executable"; includeInIndex = 0; path = CUI; sourceTree = BUILT_PRODUCTS_DIR; };
		5E9212641C9293F600291735 /* main.swift */ = {isa = PBXFileReference; lastKnownFileType = sourcecode.swift; path = main.swift; sourceTree = "<group>"; };
		5E9212691C92987400291735 /* SliP.swift */ = {isa = PBXFileReference; fileEncoding = 4; lastKnownFileType = sourcecode.swift; path = SliP.swift; sourceTree = SOURCE_ROOT; };
		5EF00C101CAB752500F17138 /* SliP.app */ = {isa = PBXFileReference; explicitFileType = wrapper.application; includeInIndex = 0; path = SliP.app; sourceTree = BUILT_PRODUCTS_DIR; };
		5EF00C181CAB752500F17138 /* Assets.xcassets */ = {isa = PBXFileReference; lastKnownFileType = folder.assetcatalog; path = Assets.xcassets; sourceTree = "<group>"; };
		5EF00C1B1CAB752500F17138 /* Base */ = {isa = PBXFileReference; lastKnownFileType = file.storyboard; name = Base; path = Base.lproj/Main.storyboard; sourceTree = "<group>"; };
		5EF00C1D1CAB752500F17138 /* Info.plist */ = {isa = PBXFileReference; lastKnownFileType = text.plist.xml; path = Info.plist; sourceTree = "<group>"; };
		5EF00C211CAB753C00F17138 /* GUI.swift */ = {isa = PBXFileReference; fileEncoding = 4; lastKnownFileType = sourcecode.swift; path = GUI.swift; sourceTree = "<group>"; };
/* End PBXFileReference section */

/* Begin PBXFrameworksBuildPhase section */
		5E92125F1C9293F600291735 /* Frameworks */ = {
			isa = PBXFrameworksBuildPhase;
			buildActionMask = 2147483647;
			files = (
			);
			runOnlyForDeploymentPostprocessing = 0;
		};
		5EF00C0D1CAB752500F17138 /* Frameworks */ = {
			isa = PBXFrameworksBuildPhase;
			buildActionMask = 2147483647;
			files = (
			);
			runOnlyForDeploymentPostprocessing = 0;
		};
/* End PBXFrameworksBuildPhase section */

/* Begin PBXGroup section */
		5E673DD41C87C4EA00478AFD = {
			isa = PBXGroup;
			children = (
				5E1E2C111C87C5E100928E65 /* main.go */,
				5E1E2C141C894E7200928E65 /* Test.slip */,
				5E3DF2B91C8D49F4007A6F94 /* Sample.slip */,
				5E3DF2B61C8D1EE9007A6F94 /* JMP.swift */,
				5E9212691C92987400291735 /* SliP.swift */,
				5E9212631C9293F600291735 /* CUI */,
				5EF00C111CAB752500F17138 /* SliP */,
				5E673DDE1C87C4EA00478AFD /* Products */,
			);
			sourceTree = "<group>";
		};
		5E673DDE1C87C4EA00478AFD /* Products */ = {
			isa = PBXGroup;
			children = (
				5E9212621C9293F600291735 /* CUI */,
				5EF00C101CAB752500F17138 /* SliP.app */,
			);
			name = Products;
			sourceTree = "<group>";
		};
		5E9212631C9293F600291735 /* CUI */ = {
			isa = PBXGroup;
			children = (
				5E9212641C9293F600291735 /* main.swift */,
			);
			path = CUI;
			sourceTree = "<group>";
		};
		5EF00C111CAB752500F17138 /* SliP */ = {
			isa = PBXGroup;
			children = (
				5E7100C51CAB799000E1C341 /* SliP.entitlements */,
				5EF00C211CAB753C00F17138 /* GUI.swift */,
				5EF00C181CAB752500F17138 /* Assets.xcassets */,
				5EF00C1A1CAB752500F17138 /* Main.storyboard */,
				5EF00C1D1CAB752500F17138 /* Info.plist */,
			);
			path = SliP;
			sourceTree = "<group>";
		};
/* End PBXGroup section */

/* Begin PBXNativeTarget section */
		5E9212611C9293F600291735 /* CUI */ = {
			isa = PBXNativeTarget;
			buildConfigurationList = 5E9212661C9293F600291735 /* Build configuration list for PBXNativeTarget "CUI" */;
			buildPhases = (
				5E92125E1C9293F600291735 /* Sources */,
				5E92125F1C9293F600291735 /* Frameworks */,
				5E9212601C9293F600291735 /* CopyFiles */,
			);
			buildRules = (
			);
			dependencies = (
			);
			name = CUI;
			productName = CUI;
			productReference = 5E9212621C9293F600291735 /* CUI */;
			productType = "com.apple.product-type.tool";
		};
		5EF00C0F1CAB752500F17138 /* SliP */ = {
			isa = PBXNativeTarget;
			buildConfigurationList = 5EF00C1E1CAB752500F17138 /* Build configuration list for PBXNativeTarget "SliP" */;
			buildPhases = (
				5EF00C0C1CAB752500F17138 /* Sources */,
				5EF00C0D1CAB752500F17138 /* Frameworks */,
				5EF00C0E1CAB752500F17138 /* Resources */,
			);
			buildRules = (
			);
			dependencies = (
			);
			name = SliP;
			productName = SliP;
			productReference = 5EF00C101CAB752500F17138 /* SliP.app */;
			productType = "com.apple.product-type.application";
		};
/* End PBXNativeTarget section */

/* Begin PBXProject section */
		5E673DD51C87C4EA00478AFD /* Project object */ = {
			isa = PBXProject;
			attributes = {
				LastSwiftUpdateCheck = 0730;
				LastUpgradeCheck = 0720;
				ORGANIZATIONNAME = "Satoru Ogura";
				TargetAttributes = {
					5E9212611C9293F600291735 = {
						CreatedOnToolsVersion = 7.3;
					};
					5EF00C0F1CAB752500F17138 = {
						CreatedOnToolsVersion = 7.3;
						SystemCapabilities = {
							com.apple.Sandbox = {
								enabled = 1;
							};
						};
					};
				};
			};
			buildConfigurationList = 5E673DD81C87C4EA00478AFD /* Build configuration list for PBXProject "SliP" */;
			compatibilityVersion = "Xcode 3.2";
			developmentRegion = English;
			hasScannedForEncodings = 0;
			knownRegions = (
				en,
				Base,
			);
			mainGroup = 5E673DD41C87C4EA00478AFD;
			productRefGroup = 5E673DDE1C87C4EA00478AFD /* Products */;
			projectDirPath = "";
			projectRoot = "";
			targets = (
				5E9212611C9293F600291735 /* CUI */,
				5EF00C0F1CAB752500F17138 /* SliP */,
			);
		};
/* End PBXProject section */

/* Begin PBXResourcesBuildPhase section */
		5EF00C0E1CAB752500F17138 /* Resources */ = {
			isa = PBXResourcesBuildPhase;
			buildActionMask = 2147483647;
			files = (
				5EF00C191CAB752500F17138 /* Assets.xcassets in Resources */,
				5EF00C1C1CAB752500F17138 /* Main.storyboard in Resources */,
				5E7100C41CAB76E100E1C341 /* Sample.slip in Resources */,
			);
			runOnlyForDeploymentPostprocessing = 0;
		};
/* End PBXResourcesBuildPhase section */

/* Begin PBXSourcesBuildPhase section */
		5E92125E1C9293F600291735 /* Sources */ = {
			isa = PBXSourcesBuildPhase;
			buildActionMask = 2147483647;
			files = (
				5E9212651C9293F600291735 /* main.swift in Sources */,
				5E92126B1C92989600291735 /* SliP.swift in Sources */,
				5E92126D1C929AB300291735 /* JMP.swift in Sources */,
			);
			runOnlyForDeploymentPostprocessing = 0;
		};
		5EF00C0C1CAB752500F17138 /* Sources */ = {
			isa = PBXSourcesBuildPhase;
			buildActionMask = 2147483647;
			files = (
				5EF00C221CAB753C00F17138 /* GUI.swift in Sources */,
				5EF00C241CAB754C00F17138 /* SliP.swift in Sources */,
				5EF00C231CAB754C00F17138 /* JMP.swift in Sources */,
			);
			runOnlyForDeploymentPostprocessing = 0;
		};
/* End PBXSourcesBuildPhase section */

/* Begin PBXVariantGroup section */
		5EF00C1A1CAB752500F17138 /* Main.storyboard */ = {
			isa = PBXVariantGroup;
			children = (
				5EF00C1B1CAB752500F17138 /* Base */,
			);
			name = Main.storyboard;
			sourceTree = "<group>";
		};
/* End PBXVariantGroup section */

/* Begin XCBuildConfiguration section */
		5E673DE21C87C4EA00478AFD /* Debug */ = {
			isa = XCBuildConfiguration;
			buildSettings = {
				ALWAYS_SEARCH_USER_PATHS = NO;
				CLANG_CXX_LANGUAGE_STANDARD = "gnu++0x";
				CLANG_CXX_LIBRARY = "libc++";
				CLANG_ENABLE_MODULES = YES;
				CLANG_ENABLE_OBJC_ARC = YES;
				CLANG_WARN_BOOL_CONVERSION = YES;
				CLANG_WARN_CONSTANT_CONVERSION = YES;
				CLANG_WARN_DIRECT_OBJC_ISA_USAGE = YES_ERROR;
				CLANG_WARN_EMPTY_BODY = YES;
				CLANG_WARN_ENUM_CONVERSION = YES;
				CLANG_WARN_INT_CONVERSION = YES;
				CLANG_WARN_OBJC_ROOT_CLASS = YES_ERROR;
				CLANG_WARN_UNREACHABLE_CODE = YES;
				CLANG_WARN__DUPLICATE_METHOD_MATCH = YES;
				CODE_SIGN_IDENTITY = "";
				"CODE_SIGN_IDENTITY[sdk=macosx*]" = "";
				COPY_PHASE_STRIP = NO;
				DEBUG_INFORMATION_FORMAT = dwarf;
				ENABLE_STRICT_OBJC_MSGSEND = YES;
				ENABLE_TESTABILITY = YES;
				GCC_C_LANGUAGE_STANDARD = gnu99;
				GCC_DYNAMIC_NO_PIC = NO;
				GCC_NO_COMMON_BLOCKS = YES;
				GCC_OPTIMIZATION_LEVEL = 0;
				GCC_PREPROCESSOR_DEFINITIONS = (
					"DEBUG=1",
					"$(inherited)",
				);
				GCC_WARN_64_TO_32_BIT_CONVERSION = YES;
				GCC_WARN_ABOUT_RETURN_TYPE = YES_ERROR;
				GCC_WARN_UNDECLARED_SELECTOR = YES;
				GCC_WARN_UNINITIALIZED_AUTOS = YES_AGGRESSIVE;
				GCC_WARN_UNUSED_FUNCTION = YES;
				GCC_WARN_UNUSED_VARIABLE = YES;
				MACOSX_DEPLOYMENT_TARGET = 10.10;
				MTL_ENABLE_DEBUG_INFO = YES;
				ONLY_ACTIVE_ARCH = YES;
				SDKROOT = macosx;
				SWIFT_OPTIMIZATION_LEVEL = "-Onone";
			};
			name = Debug;
		};
		5E673DE31C87C4EA00478AFD /* Release */ = {
			isa = XCBuildConfiguration;
			buildSettings = {
				ALWAYS_SEARCH_USER_PATHS = NO;
				CLANG_CXX_LANGUAGE_STANDARD = "gnu++0x";
				CLANG_CXX_LIBRARY = "libc++";
				CLANG_ENABLE_MODULES = YES;
				CLANG_ENABLE_OBJC_ARC = YES;
				CLANG_WARN_BOOL_CONVERSION = YES;
				CLANG_WARN_CONSTANT_CONVERSION = YES;
				CLANG_WARN_DIRECT_OBJC_ISA_USAGE = YES_ERROR;
				CLANG_WARN_EMPTY_BODY = YES;
				CLANG_WARN_ENUM_CONVERSION = YES;
				CLANG_WARN_INT_CONVERSION = YES;
				CLANG_WARN_OBJC_ROOT_CLASS = YES_ERROR;
				CLANG_WARN_UNREACHABLE_CODE = YES;
				CLANG_WARN__DUPLICATE_METHOD_MATCH = YES;
				CODE_SIGN_IDENTITY = "";
				"CODE_SIGN_IDENTITY[sdk=macosx*]" = "";
				COPY_PHASE_STRIP = NO;
				DEBUG_INFORMATION_FORMAT = "dwarf-with-dsym";
				ENABLE_NS_ASSERTIONS = NO;
				ENABLE_STRICT_OBJC_MSGSEND = YES;
				GCC_C_LANGUAGE_STANDARD = gnu99;
				GCC_NO_COMMON_BLOCKS = YES;
				GCC_WARN_64_TO_32_BIT_CONVERSION = YES;
				GCC_WARN_ABOUT_RETURN_TYPE = YES_ERROR;
				GCC_WARN_UNDECLARED_SELECTOR = YES;
				GCC_WARN_UNINITIALIZED_AUTOS = YES_AGGRESSIVE;
				GCC_WARN_UNUSED_FUNCTION = YES;
				GCC_WARN_UNUSED_VARIABLE = YES;
				MACOSX_DEPLOYMENT_TARGET = 10.10;
				MTL_ENABLE_DEBUG_INFO = NO;
				SDKROOT = macosx;
			};
			name = Release;
		};
		5E9212671C9293F600291735 /* Debug */ = {
			isa = XCBuildConfiguration;
			buildSettings = {
				PRODUCT_NAME = "$(TARGET_NAME)";
			};
			name = Debug;
		};
		5E9212681C9293F600291735 /* Release */ = {
			isa = XCBuildConfiguration;
			buildSettings = {
				PRODUCT_NAME = "$(TARGET_NAME)";
			};
			name = Release;
		};
		5EF00C1F1CAB752500F17138 /* Debug */ = {
			isa = XCBuildConfiguration;
			buildSettings = {
				ASSETCATALOG_COMPILER_APPICON_NAME = AppIcon;
				CLANG_ANALYZER_NONNULL = YES;
				CODE_SIGN_ENTITLEMENTS = SliP/SliP.entitlements;
				CODE_SIGN_IDENTITY = "Mac Developer";
				COMBINE_HIDPI_IMAGES = YES;
				INFOPLIST_FILE = SliP/Info.plist;
				LD_RUNPATH_SEARCH_PATHS = "$(inherited) @executable_path/../Frameworks";
				MACOSX_DEPLOYMENT_TARGET = 10.11;
				PRODUCT_BUNDLE_IDENTIFIER = tokyo.828.SliP;
				PRODUCT_NAME = "$(TARGET_NAME)";
			};
			name = Debug;
		};
		5EF00C201CAB752500F17138 /* Release */ = {
			isa = XCBuildConfiguration;
			buildSettings = {
				ASSETCATALOG_COMPILER_APPICON_NAME = AppIcon;
				CLANG_ANALYZER_NONNULL = YES;
				CODE_SIGN_ENTITLEMENTS = SliP/SliP.entitlements;
				CODE_SIGN_IDENTITY = "Mac Developer";
				COMBINE_HIDPI_IMAGES = YES;
				INFOPLIST_FILE = SliP/Info.plist;
				LD_RUNPATH_SEARCH_PATHS = "$(inherited) @executable_path/../Frameworks";
				MACOSX_DEPLOYMENT_TARGET = 10.11;
				PRODUCT_BUNDLE_IDENTIFIER = tokyo.828.SliP;
				PRODUCT_NAME = "$(TARGET_NAME)";
			};
			name = Release;
		};
/* End XCBuildConfiguration section */

/* Begin XCConfigurationList section */
		5E673DD81C87C4EA00478AFD /* Build configuration list for PBXProject "SliP" */ = {
			isa = XCConfigurationList;
			buildConfigurations = (
				5E673DE21C87C4EA00478AFD /* Debug */,
				5E673DE31C87C4EA00478AFD /* Release */,
			);
			defaultConfigurationIsVisible = 0;
			defaultConfigurationName = Release;
		};
		5E9212661C9293F600291735 /* Build configuration list for PBXNativeTarget "CUI" */ = {
			isa = XCConfigurationList;
			buildConfigurations = (
				5E9212671C9293F600291735 /* Debug */,
				5E9212681C9293F600291735 /* Release */,
			);
			defaultConfigurationIsVisible = 0;
			defaultConfigurationName = Release;
		};
		5EF00C1E1CAB752500F17138 /* Build configuration list for PBXNativeTarget "SliP" */ = {
			isa = XCConfigurationList;
			buildConfigurations = (
				5EF00C1F1CAB752500F17138 /* Debug */,
				5EF00C201CAB752500F17138 /* Release */,
			);
			defaultConfigurationIsVisible = 0;
			defaultConfigurationName = Release;
		};
/* End XCConfigurationList section */
	};
	rootObject = 5E673DD51C87C4EA00478AFD /* Project object */;
}
